{
  "nodes": {
    "brew-src": {
      "flake": false,
      "locked": {
        "lastModified": 1756059815,
        "narHash": "sha256-UALOxoXoFIHbwKzcqbqCAqw5cC0MJEehLaWSet5vxfE=",
        "owner": "Homebrew",
        "repo": "brew",
        "rev": "02947ea4edbdef5fcce9ee57fa289547f4d096c9",
        "type": "github"
      },
      "original": {
        "owner": "Homebrew",
        "ref": "4.6.7",
        "repo": "brew",
        "type": "github"
      }
    },
    "home-manager": {
      "inputs": {
        "nixpkgs": [
          "nixpkgs"
        ]
      },
      "locked": {
        "lastModified": 1758085625,
        "narHash": "sha256-D0KVKNgWSDVjYFgPLEtSQvSKchTBT0YqSbNlH7OQ+bo=",
        "owner": "nix-community",
        "repo": "home-manager",
        "rev": "fb928abb67bd4df99040721ed48c3b42e24b1d08",
        "type": "github"
      },
      "original": {
        "owner": "nix-community",
        "repo": "home-manager",
        "type": "github"
      }
    },
    "homebrew-cask": {
      "flake": false,
      "locked": {
        "lastModified": 1758098480,
        "narHash": "sha256-pFQe6zFBirqSlHmMA47FTiUmppsjku297BrXwJutUU8=",
        "owner": "homebrew",
        "repo": "homebrew-cask",
        "rev": "bb20115d2502fdb1e7bfb5b427d78f079e304a6b",
        "type": "github"
      },
      "original": {
        "owner": "homebrew",
        "repo": "homebrew-cask",
        "type": "github"
      }
    },
    "homebrew-core": {
      "flake": false,
      "locked": {
        "lastModified": 1758107438,
        "narHash": "sha256-tYgonEHGWr2Rznx8/UkIjJ0/JYjXSiTtHhWuzMe5xrQ=",
        "owner": "homebrew",
        "repo": "homebrew-core",
        "rev": "87b8b0621192dbfe89cac55c09e5f64feb8b4a1a",
        "type": "github"
      },
      "original": {
        "owner": "homebrew",
        "repo": "homebrew-core",
        "type": "github"
      }
    },
    "nix-darwin": {
      "inputs": {
        "nixpkgs": [
          "nixpkgs"
        ]
      },
      "locked": {
        "lastModified": 1758102940,
        "narHash": "sha256-wwqf3+A8EiqwWpcAaPN20QXJLlpGPpwtLTrzgnngI2o=",
        "owner": "nix-darwin",
        "repo": "nix-darwin",
        "rev": "ebd0bfc11fc2b5cff37401e9b3703881ad5fabbd",
        "type": "github"
      },
      "original": {
        "owner": "nix-darwin",
        "ref": "master",
        "repo": "nix-darwin",
        "type": "github"
      }
    },
    "nix-homebrew": {
      "inputs": {
        "brew-src": "brew-src"
      },
      "locked": {
        "lastModified": 1756398546,
        "narHash": "sha256-n4GVDLhKu65XFraJuCzap2AaZji4xhPaZMTJ8aQdD3s=",
        "owner": "zhaofengli",
        "repo": "nix-homebrew",
        "rev": "3aa475996cb3bc1ecefa88c99c466e6f0bc17431",
        "type": "github"
      },
      "original": {
        "owner": "zhaofengli",
        "repo": "nix-homebrew",
        "type": "github"
      }
    },
    "nixpkgs": {
      "locked": {
        "lastModified": 1758029226,
        "narHash": "sha256-TjqVmbpoCqWywY9xIZLTf6ANFvDCXdctCjoYuYPYdMI=",
        "owner": "NixOS",
        "repo": "nixpkgs",
        "rev": "08b8f92ac6354983f5382124fef6006cade4a1c1",
        "type": "github"
      },
      "original": {
        "owner": "NixOS",
        "ref": "nixpkgs-unstable",
        "repo": "nixpkgs",
        "type": "github"
      }
    },
    "root": {
      "inputs": {
        "home-manager": "home-manager",
        "homebrew-cask": "homebrew-cask",
        "homebrew-core": "homebrew-core",
        "nix-darwin": "nix-darwin",
        "nix-homebrew": "nix-homebrew",
        "nixpkgs": "nixpkgs"
      }
    }
  },
  "root": "root",
  "version": 7
}
